{
  "nodes": {
    "devshell": {
      "inputs": {
        "nixpkgs": [
          "dsf",
          "nixpkgs"
        ],
        "systems": "systems"
      },
      "locked": {
        "lastModified": 1686680692,
        "narHash": "sha256-SsLZz3TDleraAiJq4EkmdyewSyiv5g0LZYc6vaLZOMQ=",
        "owner": "numtide",
        "repo": "devshell",
        "rev": "fd6223370774dd9c33354e87a007004b5fd36442",
        "type": "github"
      },
      "original": {
        "owner": "numtide",
        "repo": "devshell",
        "type": "github"
      }
    },
    "dsf": {
      "inputs": {
        "devshell": "devshell",
        "flu": "flu",
        "nixpkgs": [
          "nixpkgs"
        ]
      },
      "locked": {
        "lastModified": 1692673795,
        "narHash": "sha256-tDLqGk8fWfBUvjMcAftH9cL0V2YhRwJMVAxiK+12QSs=",
        "owner": "cruel-intentions",
        "repo": "devshell-files",
        "rev": "fad6ca5fe4bf0a4689e229cee26be39c008d3c3a",
        "type": "github"
      },
      "original": {
        "owner": "cruel-intentions",
        "repo": "devshell-files",
        "type": "github"
      }
    },
    "flu": {
      "inputs": {
        "nixpkgs": [
          "dsf",
          "nixpkgs"
        ]
      },
      "locked": {
        "lastModified": 1686726260,
        "narHash": "sha256-DYlY4MMqy5D7pKBWs7AHFRbwak/2/4lRhfWRt2giqEE=",
        "owner": "cruel-intentions",
        "repo": "flu-type-a",
        "rev": "c0abd599a2dcb3c260b092b61d96839faed16c39",
        "type": "github"
      },
      "original": {
        "owner": "cruel-intentions",
        "repo": "flu-type-a",
        "type": "github"
      }
    },
    "nimblelock": {
      "flake": false,
      "locked": {
        "lastModified": 0,
        "narHash": "sha256-lZyxALbUiHnL7Lk9mrVTdZCDJfrVx9CTnYbpzjRM84k=",
        "path": "",
        "type": "path"
      },
      "original": {
        "path": "",
        "type": "path"
      }
    },
    "nixpkgs": {
      "locked": {
        "lastModified": 1695172478,
        "narHash": "sha256-4OYTjIou2ejPm7F/2Uf/yEdSDxqCR3ifjTgm/kWBOR8=",
        "owner": "nixos",
        "repo": "nixpkgs",
        "rev": "2452c22ef1b4c1b2eff56a6b4753529533df410a",
        "type": "github"
      },
      "original": {
        "owner": "nixos",
        "repo": "nixpkgs",
        "type": "github"
      }
    },
    "root": {
      "inputs": {
        "dsf": "dsf",
        "nimblelock": "nimblelock",
        "nixpkgs": "nixpkgs"
      }
    },
    "systems": {
      "locked": {
        "lastModified": 1681028828,
        "narHash": "sha256-Vy1rq5AaRuLzOxct8nz4T6wlgyUR7zLU309k9mBC768=",
        "owner": "nix-systems",
        "repo": "default",
        "rev": "da67096a3b9bf56a91d16901293e51ba5b49a27e",
        "type": "github"
      },
      "original": {
        "owner": "nix-systems",
        "repo": "default",
        "type": "github"
      }
    }
  },
  "root": "root",
  "version": 7
}
