{
  "version": 2,
  "packages": {
    "cassandra": {
      "version": "0.1.0",
      "vcsRevision": "1399234e9138a74fd1750e082b4702aec89d861e",
      "url": "https://github.com/yglukhov/cassandra",
      "downloadMethod": "git",
      "dependencies": [],
      "checksums": {
        "sha1": "fb85c0624338da911b08e18fac32178df8682695"
      }
    }
  },
  "tasks": {}
}
